
Microsoft Visual Studio Solution File, Format Version 12.00
# Visual Studio Version 17
VisualStudioVersion = 17.2.32526.322
MinimumVisualStudioVersion = 10.0.40219.1
Project("{888888A0-9F3D-457C-B088-3A5042F75D52}") = "DiscShop", "DiscShop\DiscShop.pyproj", "{20E2514C-0FE8-4587-BB4D-2B4369133FE5}"
EndProject
Global
	GlobalSection(SolutionConfigurationPlatforms) = preSolution
		Debug|Any CPU = Debug|Any CPU
		Release|Any CPU = Release|Any CPU
	EndGlobalSection
	GlobalSection(ProjectConfigurationPlatforms) = postSolution
		{20E2514C-0FE8-4587-BB4D-2B4369133FE5}.Debug|Any CPU.ActiveCfg = Debug|Any CPU
		{20E2514C-0FE8-4587-BB4D-2B4369133FE5}.Release|Any CPU.ActiveCfg = Release|Any CPU
	EndGlobalSection
	GlobalSection(SolutionProperties) = preSolution
		HideSolutionNode = FALSE
	EndGlobalSection
	GlobalSection(ExtensibilityGlobals) = postSolution
		SolutionGuid = {FCA0A9F9-5677-4544-8CB4-3D73C417F238}
	EndGlobalSection
EndGlobal
